dependencies:
- name: common
  repository: oci://registry-1.docker.io/bitnamicharts
  version: 2.26.0
- name: common-celestia-node
  repository: file://../common-celestia-node
  version: 0.2.0
digest: sha256:669ff56b8f1a1a66a0cc0406a3920c295975a121c29a8a9468f2e0284839b87f
generated: "2024-10-16T14:02:42.184447+01:00"
